{
    "_meta": {
        "hash": {
            "sha256": "0c87edcbceb18a1896364e27a122388fbf22ca1df9e5de33228194d764eed8a4"
        },
        "pipfile-spec": 6,
        "requires": {
            "python_version": "3.9"
        },
        "sources": [
            {
                "name": "pypi",
                "url": "https://pypi.org/simple",
                "verify_ssl": true
            }
        ]
    },
    "default": {
        "asgiref": {
            "hashes": [
                "sha256:4ef1ab46b484e3c706329cedeff284a5d40824200638503f5768edb6de7d58e9",
                "sha256:ffc141aa908e6f175673e7b1b3b7af4fdb0ecb738fc5c8b88f69f055c2415214"
            ],
            "markers": "python_version >= '3.6'",
            "version": "==3.4.1"
        },
        "dj-static": {
            "hashes": [
                "sha256:032ec1c532617922e6e3e956d504a6fb1acce4fc1c7c94612d0fda21828ce8ef"
            ],
            "index": "pypi",
            "version": "==0.0.6"
        },
        "django": {
            "hashes": [
                "sha256:32ce792ee9b6a0cbbec340123e229ac9f765dff8c2a4ae9247a14b2ba3a365a7",
                "sha256:baf099db36ad31f970775d0be5587cc58a6256a6771a44eb795b554d45f211b8"
            ],
            "index": "pypi",
            "version": "==3.1.7"
        },
        "django-mathfilters": {
            "hashes": [
                "sha256:64200a21bb249fbf27be601d4bbb788779e09c6e063170c097cd82c4d18ebb83",
                "sha256:c9b892ef6dfc893683e75cfd0279c187a601ca68f4684c38f9da44657fb64b07"
            ],
            "index": "pypi",
            "version": "==1.0.0"
        },
        "pytz": {
            "hashes": [
                "sha256:83a4a90894bf38e243cf052c8b58f381bfe9a7a483f6a9cab140bc7f702ac4da",
                "sha256:eb10ce3e7736052ed3623d49975ce333bcd712c7bb19a58b9e2089d4057d0798"
            ],
            "version": "==2021.1"
        },
        "sqlparse": {
            "hashes": [
                "sha256:0c00730c74263a94e5a9919ade150dfc3b19c574389985446148402998287dae",
                "sha256:48719e356bb8b42991bdbb1e8b83223757b93789c00910a616a071910ca4a64d"
            ],
            "markers": "python_version >= '3.5'",
            "version": "==0.4.2"
        },
        "static3": {
            "hashes": [
                "sha256:674641c64bc75507af2eb20bef7e7e3593dca993dec6674be108fa15b42f47c8"
            ],
            "version": "==0.7.0"
        }
    },
    "develop": {}
}
